// !$*UTF8*$!
{
	archiveVersion = 1;
	classes = {
	};
	objectVersion = 56;
	objects = {

/* Begin PBXBuildFile section */
		445083812B48E8EF00707476 /* Director_DashboardApp.swift in Sources */ = {isa = PBXBuildFile; fileRef = 445083802B48E8EF00707476 /* Director_DashboardApp.swift */; };
		445083832B48E8EF00707476 /* Login.swift in Sources */ = {isa = PBXBuildFile; fileRef = 445083822B48E8EF00707476 /* Login.swift */; };
		445083852B48E8F100707476 /* Assets.xcassets in Resources */ = {isa = PBXBuildFile; fileRef = 445083842B48E8F100707476 /* Assets.xcassets */; };
		445083882B48E8F100707476 /* Preview Assets.xcassets in Resources */ = {isa = PBXBuildFile; fileRef = 445083872B48E8F100707476 /* Preview Assets.xcassets */; };
		445083922B48E95C00707476 /* NotificationModel.swift in Sources */ = {isa = PBXBuildFile; fileRef = 445083912B48E95C00707476 /* NotificationModel.swift */; };
		445083942B48E98A00707476 /* FacultyWelcome.swift in Sources */ = {isa = PBXBuildFile; fileRef = 445083932B48E98A00707476 /* FacultyWelcome.swift */; };
		445083962B48E9B000707476 /* LoginModel.swift in Sources */ = {isa = PBXBuildFile; fileRef = 445083952B48E9B000707476 /* LoginModel.swift */; };
		445083982B48E9C500707476 /* HODWelcome.swift in Sources */ = {isa = PBXBuildFile; fileRef = 445083972B48E9C500707476 /* HODWelcome.swift */; };
		4450839A2B48EA3400707476 /* SignUp.swift in Sources */ = {isa = PBXBuildFile; fileRef = 445083992B48EA3400707476 /* SignUp.swift */; };
		4450839E2B48EB1900707476 /* DirectorWelcome.swift in Sources */ = {isa = PBXBuildFile; fileRef = 4450839D2B48EB1900707476 /* DirectorWelcome.swift */; };
		445083A02B48EB2900707476 /* DataCellWelcome.swift in Sources */ = {isa = PBXBuildFile; fileRef = 4450839F2B48EB2900707476 /* DataCellWelcome.swift */; };
		445083C02B4AAC0200707476 /* ExistingUser.swift in Sources */ = {isa = PBXBuildFile; fileRef = 445083BF2B4AAC0200707476 /* ExistingUser.swift */; };
		449BA12F2B4FF159009473F6 /* DirectorLogin.swift in Sources */ = {isa = PBXBuildFile; fileRef = 449BA12E2B4FF159009473F6 /* DirectorLogin.swift */; };
		449BA1312B4FF177009473F6 /* HODLogin.swift in Sources */ = {isa = PBXBuildFile; fileRef = 449BA1302B4FF177009473F6 /* HODLogin.swift */; };
		449BA1332B4FF187009473F6 /* FacultyLogin.swift in Sources */ = {isa = PBXBuildFile; fileRef = 449BA1322B4FF187009473F6 /* FacultyLogin.swift */; };
		449BA1352B4FF19A009473F6 /* DataCellLogin.swift in Sources */ = {isa = PBXBuildFile; fileRef = 449BA1342B4FF19A009473F6 /* DataCellLogin.swift */; };
		44A786522B4F24A600C55B7A /* Dashboard.swift in Sources */ = {isa = PBXBuildFile; fileRef = 44A786512B4F24A600C55B7A /* Dashboard.swift */; };
		44A7CB642B53001F00314DD8 /* VerifiedPapers.swift in Sources */ = {isa = PBXBuildFile; fileRef = 44A7CB632B53001F00314DD8 /* VerifiedPapers.swift */; };
		44C5C0202B52440200702538 /* ViewCourses.swift in Sources */ = {isa = PBXBuildFile; fileRef = 44C5C01F2B52440200702538 /* ViewCourses.swift */; };
		44C5C0222B52445800702538 /* FacultyDetails.swift in Sources */ = {isa = PBXBuildFile; fileRef = 44C5C0212B52445800702538 /* FacultyDetails.swift */; };
		44C5C0242B5244E900702538 /* AssignCourses.swift in Sources */ = {isa = PBXBuildFile; fileRef = 44C5C0232B5244E900702538 /* AssignCourses.swift */; };
		44C5C0262B52451E00702538 /* GridView.swift in Sources */ = {isa = PBXBuildFile; fileRef = 44C5C0252B52451E00702538 /* GridView.swift */; };
		44C5C0292B52944B00702538 /* Faculty.swift in Sources */ = {isa = PBXBuildFile; fileRef = 44C5C0282B52944B00702538 /* Faculty.swift */; };
		44C5C02D2B52960D00702538 /* PrintedPapers.swift in Sources */ = {isa = PBXBuildFile; fileRef = 44C5C02C2B52960D00702538 /* PrintedPapers.swift */; };
		44C5C02F2B52971600702538 /* Courses.swift in Sources */ = {isa = PBXBuildFile; fileRef = 44C5C02E2B52971600702538 /* Courses.swift */; };
/* End PBXBuildFile section */

/* Begin PBXFileReference section */
		4450837D2B48E8EF00707476 /* Director Dashboard.app */ = {isa = PBXFileReference; explicitFileType = wrapper.application; includeInIndex = 0; path = "Director Dashboard.app"; sourceTree = BUILT_PRODUCTS_DIR; };
		445083802B48E8EF00707476 /* Director_DashboardApp.swift */ = {isa = PBXFileReference; lastKnownFileType = sourcecode.swift; path = Director_DashboardApp.swift; sourceTree = "<group>"; };
		445083822B48E8EF00707476 /* Login.swift */ = {isa = PBXFileReference; lastKnownFileType = sourcecode.swift; path = Login.swift; sourceTree = "<group>"; };
		445083842B48E8F100707476 /* Assets.xcassets */ = {isa = PBXFileReference; lastKnownFileType = folder.assetcatalog; path = Assets.xcassets; sourceTree = "<group>"; };
		445083872B48E8F100707476 /* Preview Assets.xcassets */ = {isa = PBXFileReference; lastKnownFileType = folder.assetcatalog; path = "Preview Assets.xcassets"; sourceTree = "<group>"; };
		445083912B48E95C00707476 /* NotificationModel.swift */ = {isa = PBXFileReference; lastKnownFileType = sourcecode.swift; path = NotificationModel.swift; sourceTree = "<group>"; };
		445083932B48E98A00707476 /* FacultyWelcome.swift */ = {isa = PBXFileReference; lastKnownFileType = sourcecode.swift; path = FacultyWelcome.swift; sourceTree = "<group>"; };
		445083952B48E9B000707476 /* LoginModel.swift */ = {isa = PBXFileReference; lastKnownFileType = sourcecode.swift; path = LoginModel.swift; sourceTree = "<group>"; };
		445083972B48E9C500707476 /* HODWelcome.swift */ = {isa = PBXFileReference; lastKnownFileType = sourcecode.swift; path = HODWelcome.swift; sourceTree = "<group>"; };
		445083992B48EA3400707476 /* SignUp.swift */ = {isa = PBXFileReference; lastKnownFileType = sourcecode.swift; path = SignUp.swift; sourceTree = "<group>"; };
		4450839D2B48EB1900707476 /* DirectorWelcome.swift */ = {isa = PBXFileReference; lastKnownFileType = sourcecode.swift; path = DirectorWelcome.swift; sourceTree = "<group>"; };
		4450839F2B48EB2900707476 /* DataCellWelcome.swift */ = {isa = PBXFileReference; lastKnownFileType = sourcecode.swift; path = DataCellWelcome.swift; sourceTree = "<group>"; };
		445083BF2B4AAC0200707476 /* ExistingUser.swift */ = {isa = PBXFileReference; lastKnownFileType = sourcecode.swift; path = ExistingUser.swift; sourceTree = "<group>"; };
		449BA12E2B4FF159009473F6 /* DirectorLogin.swift */ = {isa = PBXFileReference; lastKnownFileType = sourcecode.swift; path = DirectorLogin.swift; sourceTree = "<group>"; tabWidth = 4; usesTabs = 0; };
		449BA1302B4FF177009473F6 /* HODLogin.swift */ = {isa = PBXFileReference; lastKnownFileType = sourcecode.swift; path = HODLogin.swift; sourceTree = "<group>"; };
		449BA1322B4FF187009473F6 /* FacultyLogin.swift */ = {isa = PBXFileReference; lastKnownFileType = sourcecode.swift; path = FacultyLogin.swift; sourceTree = "<group>"; };
		449BA1342B4FF19A009473F6 /* DataCellLogin.swift */ = {isa = PBXFileReference; lastKnownFileType = sourcecode.swift; path = DataCellLogin.swift; sourceTree = "<group>"; };
		44A786512B4F24A600C55B7A /* Dashboard.swift */ = {isa = PBXFileReference; lastKnownFileType = sourcecode.swift; path = Dashboard.swift; sourceTree = "<group>"; };
		44A7CB632B53001F00314DD8 /* VerifiedPapers.swift */ = {isa = PBXFileReference; lastKnownFileType = sourcecode.swift; path = VerifiedPapers.swift; sourceTree = "<group>"; };
		44C5C01F2B52440200702538 /* ViewCourses.swift */ = {isa = PBXFileReference; lastKnownFileType = sourcecode.swift; path = ViewCourses.swift; sourceTree = "<group>"; };
		44C5C0212B52445800702538 /* FacultyDetails.swift */ = {isa = PBXFileReference; lastKnownFileType = sourcecode.swift; path = FacultyDetails.swift; sourceTree = "<group>"; };
		44C5C0232B5244E900702538 /* AssignCourses.swift */ = {isa = PBXFileReference; lastKnownFileType = sourcecode.swift; path = AssignCourses.swift; sourceTree = "<group>"; };
		44C5C0252B52451E00702538 /* GridView.swift */ = {isa = PBXFileReference; lastKnownFileType = sourcecode.swift; path = GridView.swift; sourceTree = "<group>"; };
		44C5C0282B52944B00702538 /* Faculty.swift */ = {isa = PBXFileReference; lastKnownFileType = sourcecode.swift; path = Faculty.swift; sourceTree = "<group>"; };
		44C5C02C2B52960D00702538 /* PrintedPapers.swift */ = {isa = PBXFileReference; lastKnownFileType = sourcecode.swift; path = PrintedPapers.swift; sourceTree = "<group>"; };
		44C5C02E2B52971600702538 /* Courses.swift */ = {isa = PBXFileReference; lastKnownFileType = sourcecode.swift; path = Courses.swift; sourceTree = "<group>"; };
/* End PBXFileReference section */

/* Begin PBXFrameworksBuildPhase section */
		4450837A2B48E8EF00707476 /* Frameworks */ = {
			isa = PBXFrameworksBuildPhase;
			buildActionMask = 2147483647;
			files = (
			);
			runOnlyForDeploymentPostprocessing = 0;
		};
/* End PBXFrameworksBuildPhase section */

/* Begin PBXGroup section */
		445083742B48E8EF00707476 = {
			isa = PBXGroup;
			children = (
				4450837F2B48E8EF00707476 /* Director Dashboard */,
				4450837E2B48E8EF00707476 /* Products */,
			);
			sourceTree = "<group>";
		};
		4450837E2B48E8EF00707476 /* Products */ = {
			isa = PBXGroup;
			children = (
				4450837D2B48E8EF00707476 /* Director Dashboard.app */,
			);
			name = Products;
			sourceTree = "<group>";
		};
		4450837F2B48E8EF00707476 /* Director Dashboard */ = {
			isa = PBXGroup;
			children = (
				44C5C0272B5291AC00702538 /* DataCell */,
				44C5C01E2B5243D500702538 /* HOD */,
				449BA12D2B4FF139009473F6 /* Dashboard Login`s */,
				445083902B48E92E00707476 /* MongoServer */,
				4450838F2B48E91E00707476 /* Welcome */,
				4450838E2B48E8F900707476 /* Authentication */,
				445083802B48E8EF00707476 /* Director_DashboardApp.swift */,
				445083822B48E8EF00707476 /* Login.swift */,
				44A786512B4F24A600C55B7A /* Dashboard.swift */,
				445083842B48E8F100707476 /* Assets.xcassets */,
				445083862B48E8F100707476 /* Preview Content */,
			);
			path = "Director Dashboard";
			sourceTree = "<group>";
		};
		445083862B48E8F100707476 /* Preview Content */ = {
			isa = PBXGroup;
			children = (
				445083872B48E8F100707476 /* Preview Assets.xcassets */,
			);
			path = "Preview Content";
			sourceTree = "<group>";
		};
		4450838E2B48E8F900707476 /* Authentication */ = {
			isa = PBXGroup;
			children = (
				445083992B48EA3400707476 /* SignUp.swift */,
			);
			path = Authentication;
			sourceTree = "<group>";
		};
		4450838F2B48E91E00707476 /* Welcome */ = {
			isa = PBXGroup;
			children = (
				445083932B48E98A00707476 /* FacultyWelcome.swift */,
				445083972B48E9C500707476 /* HODWelcome.swift */,
				4450839D2B48EB1900707476 /* DirectorWelcome.swift */,
				4450839F2B48EB2900707476 /* DataCellWelcome.swift */,
			);
			path = Welcome;
			sourceTree = "<group>";
		};
		445083902B48E92E00707476 /* MongoServer */ = {
			isa = PBXGroup;
			children = (
				445083912B48E95C00707476 /* NotificationModel.swift */,
				445083BF2B4AAC0200707476 /* ExistingUser.swift */,
				445083952B48E9B000707476 /* LoginModel.swift */,
			);
			path = MongoServer;
			sourceTree = "<group>";
		};
		449BA12D2B4FF139009473F6 /* Dashboard Login`s */ = {
			isa = PBXGroup;
			children = (
				449BA12E2B4FF159009473F6 /* DirectorLogin.swift */,
				449BA1302B4FF177009473F6 /* HODLogin.swift */,
				449BA1322B4FF187009473F6 /* FacultyLogin.swift */,
				449BA1342B4FF19A009473F6 /* DataCellLogin.swift */,
			);
			path = "Dashboard Login`s";
			sourceTree = "<group>";
		};
		44C5C01E2B5243D500702538 /* HOD */ = {
			isa = PBXGroup;
			children = (
				44C5C01F2B52440200702538 /* ViewCourses.swift */,
				44C5C0212B52445800702538 /* FacultyDetails.swift */,
				44C5C0232B5244E900702538 /* AssignCourses.swift */,
				44C5C0252B52451E00702538 /* GridView.swift */,
			);
			path = HOD;
			sourceTree = "<group>";
		};
		44C5C0272B5291AC00702538 /* DataCell */ = {
			isa = PBXGroup;
			children = (
				44C5C0282B52944B00702538 /* Faculty.swift */,
				44A7CB632B53001F00314DD8 /* VerifiedPapers.swift */,
				44C5C02C2B52960D00702538 /* PrintedPapers.swift */,
				44C5C02E2B52971600702538 /* Courses.swift */,
			);
			path = DataCell;
			sourceTree = "<group>";
		};
/* End PBXGroup section */

/* Begin PBXNativeTarget section */
		4450837C2B48E8EF00707476 /* Director Dashboard */ = {
			isa = PBXNativeTarget;
			buildConfigurationList = 4450838B2B48E8F100707476 /* Build configuration list for PBXNativeTarget "Director Dashboard" */;
			buildPhases = (
				445083792B48E8EF00707476 /* Sources */,
				4450837A2B48E8EF00707476 /* Frameworks */,
				4450837B2B48E8EF00707476 /* Resources */,
			);
			buildRules = (
			);
			dependencies = (
			);
			name = "Director Dashboard";
			productName = "Director Dashboard";
			productReference = 4450837D2B48E8EF00707476 /* Director Dashboard.app */;
			productType = "com.apple.product-type.application";
		};
/* End PBXNativeTarget section */

/* Begin PBXProject section */
		445083752B48E8EF00707476 /* Project object */ = {
			isa = PBXProject;
			attributes = {
				BuildIndependentTargetsInParallel = 1;
				LastSwiftUpdateCheck = 1430;
				LastUpgradeCheck = 1430;
				TargetAttributes = {
					4450837C2B48E8EF00707476 = {
						CreatedOnToolsVersion = 14.3.1;
					};
				};
			};
			buildConfigurationList = 445083782B48E8EF00707476 /* Build configuration list for PBXProject "Director Dashboard" */;
			compatibilityVersion = "Xcode 14.0";
			developmentRegion = en;
			hasScannedForEncodings = 0;
			knownRegions = (
				en,
				Base,
			);
			mainGroup = 445083742B48E8EF00707476;
			productRefGroup = 4450837E2B48E8EF00707476 /* Products */;
			projectDirPath = "";
			projectRoot = "";
			targets = (
				4450837C2B48E8EF00707476 /* Director Dashboard */,
			);
		};
/* End PBXProject section */

/* Begin PBXResourcesBuildPhase section */
		4450837B2B48E8EF00707476 /* Resources */ = {
			isa = PBXResourcesBuildPhase;
			buildActionMask = 2147483647;
			files = (
				445083882B48E8F100707476 /* Preview Assets.xcassets in Resources */,
				445083852B48E8F100707476 /* Assets.xcassets in Resources */,
			);
			runOnlyForDeploymentPostprocessing = 0;
		};
/* End PBXResourcesBuildPhase section */

/* Begin PBXSourcesBuildPhase section */
		445083792B48E8EF00707476 /* Sources */ = {
			isa = PBXSourcesBuildPhase;
			buildActionMask = 2147483647;
			files = (
				44C5C02D2B52960D00702538 /* PrintedPapers.swift in Sources */,
				44C5C0292B52944B00702538 /* Faculty.swift in Sources */,
				4450839E2B48EB1900707476 /* DirectorWelcome.swift in Sources */,
				44A7CB642B53001F00314DD8 /* VerifiedPapers.swift in Sources */,
				449BA1352B4FF19A009473F6 /* DataCellLogin.swift in Sources */,
				44A786522B4F24A600C55B7A /* Dashboard.swift in Sources */,
				445083C02B4AAC0200707476 /* ExistingUser.swift in Sources */,
				449BA1312B4FF177009473F6 /* HODLogin.swift in Sources */,
				4450839A2B48EA3400707476 /* SignUp.swift in Sources */,
				445083962B48E9B000707476 /* LoginModel.swift in Sources */,
				449BA1332B4FF187009473F6 /* FacultyLogin.swift in Sources */,
				449BA12F2B4FF159009473F6 /* DirectorLogin.swift in Sources */,
				44C5C0202B52440200702538 /* ViewCourses.swift in Sources */,
				445083922B48E95C00707476 /* NotificationModel.swift in Sources */,
				44C5C0242B5244E900702538 /* AssignCourses.swift in Sources */,
				445083982B48E9C500707476 /* HODWelcome.swift in Sources */,
				445083A02B48EB2900707476 /* DataCellWelcome.swift in Sources */,
				445083832B48E8EF00707476 /* Login.swift in Sources */,
				44C5C0222B52445800702538 /* FacultyDetails.swift in Sources */,
				44C5C02F2B52971600702538 /* Courses.swift in Sources */,
				445083812B48E8EF00707476 /* Director_DashboardApp.swift in Sources */,
				44C5C0262B52451E00702538 /* GridView.swift in Sources */,
				445083942B48E98A00707476 /* FacultyWelcome.swift in Sources */,
			);
			runOnlyForDeploymentPostprocessing = 0;
		};
/* End PBXSourcesBuildPhase section */

/* Begin XCBuildConfiguration section */
		445083892B48E8F100707476 /* Debug */ = {
			isa = XCBuildConfiguration;
			buildSettings = {
				ALWAYS_SEARCH_USER_PATHS = NO;
				CLANG_ANALYZER_NONNULL = YES;
				CLANG_ANALYZER_NUMBER_OBJECT_CONVERSION = YES_AGGRESSIVE;
				CLANG_CXX_LANGUAGE_STANDARD = "gnu++20";
				CLANG_ENABLE_MODULES = YES;
				CLANG_ENABLE_OBJC_ARC = YES;
				CLANG_ENABLE_OBJC_WEAK = YES;
				CLANG_WARN_BLOCK_CAPTURE_AUTORELEASING = YES;
				CLANG_WARN_BOOL_CONVERSION = YES;
				CLANG_WARN_COMMA = YES;
				CLANG_WARN_CONSTANT_CONVERSION = YES;
				CLANG_WARN_DEPRECATED_OBJC_IMPLEMENTATIONS = YES;
				CLANG_WARN_DIRECT_OBJC_ISA_USAGE = YES_ERROR;
				CLANG_WARN_DOCUMENTATION_COMMENTS = YES;
				CLANG_WARN_EMPTY_BODY = YES;
				CLANG_WARN_ENUM_CONVERSION = YES;
				CLANG_WARN_INFINITE_RECURSION = YES;
				CLANG_WARN_INT_CONVERSION = YES;
				CLANG_WARN_NON_LITERAL_NULL_CONVERSION = YES;
				CLANG_WARN_OBJC_IMPLICIT_RETAIN_SELF = YES;
				CLANG_WARN_OBJC_LITERAL_CONVERSION = YES;
				CLANG_WARN_OBJC_ROOT_CLASS = YES_ERROR;
				CLANG_WARN_QUOTED_INCLUDE_IN_FRAMEWORK_HEADER = YES;
				CLANG_WARN_RANGE_LOOP_ANALYSIS = YES;
				CLANG_WARN_STRICT_PROTOTYPES = YES;
				CLANG_WARN_SUSPICIOUS_MOVE = YES;
				CLANG_WARN_UNGUARDED_AVAILABILITY = YES_AGGRESSIVE;
				CLANG_WARN_UNREACHABLE_CODE = YES;
				CLANG_WARN__DUPLICATE_METHOD_MATCH = YES;
				COPY_PHASE_STRIP = NO;
				DEBUG_INFORMATION_FORMAT = dwarf;
				ENABLE_STRICT_OBJC_MSGSEND = YES;
				ENABLE_TESTABILITY = YES;
				GCC_C_LANGUAGE_STANDARD = gnu11;
				GCC_DYNAMIC_NO_PIC = NO;
				GCC_NO_COMMON_BLOCKS = YES;
				GCC_OPTIMIZATION_LEVEL = 0;
				GCC_PREPROCESSOR_DEFINITIONS = (
					"DEBUG=1",
					"$(inherited)",
				);
				GCC_WARN_64_TO_32_BIT_CONVERSION = YES;
				GCC_WARN_ABOUT_RETURN_TYPE = YES_ERROR;
				GCC_WARN_UNDECLARED_SELECTOR = YES;
				GCC_WARN_UNINITIALIZED_AUTOS = YES_AGGRESSIVE;
				GCC_WARN_UNUSED_FUNCTION = YES;
				GCC_WARN_UNUSED_VARIABLE = YES;
				IPHONEOS_DEPLOYMENT_TARGET = 16.4;
				MTL_ENABLE_DEBUG_INFO = INCLUDE_SOURCE;
				MTL_FAST_MATH = YES;
				ONLY_ACTIVE_ARCH = YES;
				SDKROOT = iphoneos;
				SWIFT_ACTIVE_COMPILATION_CONDITIONS = DEBUG;
				SWIFT_OPTIMIZATION_LEVEL = "-Onone";
			};
			name = Debug;
		};
		4450838A2B48E8F100707476 /* Release */ = {
			isa = XCBuildConfiguration;
			buildSettings = {
				ALWAYS_SEARCH_USER_PATHS = NO;
				CLANG_ANALYZER_NONNULL = YES;
				CLANG_ANALYZER_NUMBER_OBJECT_CONVERSION = YES_AGGRESSIVE;
				CLANG_CXX_LANGUAGE_STANDARD = "gnu++20";
				CLANG_ENABLE_MODULES = YES;
				CLANG_ENABLE_OBJC_ARC = YES;
				CLANG_ENABLE_OBJC_WEAK = YES;
				CLANG_WARN_BLOCK_CAPTURE_AUTORELEASING = YES;
				CLANG_WARN_BOOL_CONVERSION = YES;
				CLANG_WARN_COMMA = YES;
				CLANG_WARN_CONSTANT_CONVERSION = YES;
				CLANG_WARN_DEPRECATED_OBJC_IMPLEMENTATIONS = YES;
				CLANG_WARN_DIRECT_OBJC_ISA_USAGE = YES_ERROR;
				CLANG_WARN_DOCUMENTATION_COMMENTS = YES;
				CLANG_WARN_EMPTY_BODY = YES;
				CLANG_WARN_ENUM_CONVERSION = YES;
				CLANG_WARN_INFINITE_RECURSION = YES;
				CLANG_WARN_INT_CONVERSION = YES;
				CLANG_WARN_NON_LITERAL_NULL_CONVERSION = YES;
				CLANG_WARN_OBJC_IMPLICIT_RETAIN_SELF = YES;
				CLANG_WARN_OBJC_LITERAL_CONVERSION = YES;
				CLANG_WARN_OBJC_ROOT_CLASS = YES_ERROR;
				CLANG_WARN_QUOTED_INCLUDE_IN_FRAMEWORK_HEADER = YES;
				CLANG_WARN_RANGE_LOOP_ANALYSIS = YES;
				CLANG_WARN_STRICT_PROTOTYPES = YES;
				CLANG_WARN_SUSPICIOUS_MOVE = YES;
				CLANG_WARN_UNGUARDED_AVAILABILITY = YES_AGGRESSIVE;
				CLANG_WARN_UNREACHABLE_CODE = YES;
				CLANG_WARN__DUPLICATE_METHOD_MATCH = YES;
				COPY_PHASE_STRIP = NO;
				DEBUG_INFORMATION_FORMAT = "dwarf-with-dsym";
				ENABLE_NS_ASSERTIONS = NO;
				ENABLE_STRICT_OBJC_MSGSEND = YES;
				GCC_C_LANGUAGE_STANDARD = gnu11;
				GCC_NO_COMMON_BLOCKS = YES;
				GCC_WARN_64_TO_32_BIT_CONVERSION = YES;
				GCC_WARN_ABOUT_RETURN_TYPE = YES_ERROR;
				GCC_WARN_UNDECLARED_SELECTOR = YES;
				GCC_WARN_UNINITIALIZED_AUTOS = YES_AGGRESSIVE;
				GCC_WARN_UNUSED_FUNCTION = YES;
				GCC_WARN_UNUSED_VARIABLE = YES;
				IPHONEOS_DEPLOYMENT_TARGET = 16.4;
				MTL_ENABLE_DEBUG_INFO = NO;
				MTL_FAST_MATH = YES;
				SDKROOT = iphoneos;
				SWIFT_COMPILATION_MODE = wholemodule;
				SWIFT_OPTIMIZATION_LEVEL = "-O";
				VALIDATE_PRODUCT = YES;
			};
			name = Release;
		};
		4450838C2B48E8F100707476 /* Debug */ = {
			isa = XCBuildConfiguration;
			buildSettings = {
				ASSETCATALOG_COMPILER_APPICON_NAME = "";
				"ASSETCATALOG_COMPILER_APPICON_NAME[sdk=iphoneos*]" = AppIcon;
				ASSETCATALOG_COMPILER_GLOBAL_ACCENT_COLOR_NAME = AccentColor;
				CODE_SIGN_IDENTITY = "Apple Development";
				CODE_SIGN_STYLE = Automatic;
				CURRENT_PROJECT_VERSION = 1;
				DEVELOPMENT_ASSET_PATHS = "\"Director Dashboard/Preview Content\"";
				DEVELOPMENT_TEAM = PX6PQ3S98G;
				ENABLE_PREVIEWS = YES;
				GENERATE_INFOPLIST_FILE = YES;
				INFOPLIST_KEY_CFBundleDisplayName = Papers;
				INFOPLIST_KEY_LSApplicationCategoryType = "public.app-category.education";
				INFOPLIST_KEY_UIApplicationSceneManifest_Generation = YES;
				INFOPLIST_KEY_UIApplicationSupportsIndirectInputEvents = YES;
				INFOPLIST_KEY_UILaunchScreen_Generation = YES;
				INFOPLIST_KEY_UIRequiresFullScreen = YES;
				INFOPLIST_KEY_UISupportedInterfaceOrientations = "UIInterfaceOrientationLandscapeLeft UIInterfaceOrientationLandscapeRight UIInterfaceOrientationPortrait UIInterfaceOrientationPortraitUpsideDown";
				LD_RUNPATH_SEARCH_PATHS = (
					"$(inherited)",
					"@executable_path/Frameworks",
				);
				MARKETING_VERSION = 1.0;
				PRODUCT_BUNDLE_IDENTIFIER = "self.Director-Dashboard";
				PRODUCT_NAME = "$(TARGET_NAME)";
				PROVISIONING_PROFILE_SPECIFIER = "";
				SUPPORTED_PLATFORMS = "iphoneos iphonesimulator";
				SUPPORTS_MACCATALYST = NO;
				SUPPORTS_MAC_DESIGNED_FOR_IPHONE_IPAD = YES;
				SWIFT_EMIT_LOC_STRINGS = YES;
				SWIFT_VERSION = 5.0;
				TARGETED_DEVICE_FAMILY = "1,2";
			};
			name = Debug;
		};
		4450838D2B48E8F100707476 /* Release */ = {
			isa = XCBuildConfiguration;
			buildSettings = {
				ASSETCATALOG_COMPILER_APPICON_NAME = "";
				"ASSETCATALOG_COMPILER_APPICON_NAME[sdk=iphoneos*]" = AppIcon;
				ASSETCATALOG_COMPILER_GLOBAL_ACCENT_COLOR_NAME = AccentColor;
				CODE_SIGN_IDENTITY = "Apple Development";
				CODE_SIGN_STYLE = Automatic;
				CURRENT_PROJECT_VERSION = 1;
				DEVELOPMENT_ASSET_PATHS = "\"Director Dashboard/Preview Content\"";
				DEVELOPMENT_TEAM = PX6PQ3S98G;
				ENABLE_PREVIEWS = YES;
				GENERATE_INFOPLIST_FILE = YES;
				INFOPLIST_KEY_CFBundleDisplayName = Papers;
				INFOPLIST_KEY_LSApplicationCategoryType = "public.app-category.education";
				INFOPLIST_KEY_UIApplicationSceneManifest_Generation = YES;
				INFOPLIST_KEY_UIApplicationSupportsIndirectInputEvents = YES;
				INFOPLIST_KEY_UILaunchScreen_Generation = YES;
				INFOPLIST_KEY_UIRequiresFullScreen = YES;
				INFOPLIST_KEY_UISupportedInterfaceOrientations = "UIInterfaceOrientationLandscapeLeft UIInterfaceOrientationLandscapeRight UIInterfaceOrientationPortrait UIInterfaceOrientationPortraitUpsideDown";
				LD_RUNPATH_SEARCH_PATHS = (
					"$(inherited)",
					"@executable_path/Frameworks",
				);
				MARKETING_VERSION = 1.0;
				PRODUCT_BUNDLE_IDENTIFIER = "self.Director-Dashboard";
				PRODUCT_NAME = "$(TARGET_NAME)";
				PROVISIONING_PROFILE_SPECIFIER = "";
				SUPPORTED_PLATFORMS = "iphoneos iphonesimulator";
				SUPPORTS_MACCATALYST = NO;
				SUPPORTS_MAC_DESIGNED_FOR_IPHONE_IPAD = YES;
				SWIFT_EMIT_LOC_STRINGS = YES;
				SWIFT_VERSION = 5.0;
				TARGETED_DEVICE_FAMILY = "1,2";
			};
			name = Release;
		};
/* End XCBuildConfiguration section */

/* Begin XCConfigurationList section */
		445083782B48E8EF00707476 /* Build configuration list for PBXProject "Director Dashboard" */ = {
			isa = XCConfigurationList;
			buildConfigurations = (
				445083892B48E8F100707476 /* Debug */,
				4450838A2B48E8F100707476 /* Release */,
			);
			defaultConfigurationIsVisible = 0;
			defaultConfigurationName = Release;
		};
		4450838B2B48E8F100707476 /* Build configuration list for PBXNativeTarget "Director Dashboard" */ = {
			isa = XCConfigurationList;
			buildConfigurations = (
				4450838C2B48E8F100707476 /* Debug */,
				4450838D2B48E8F100707476 /* Release */,
			);
			defaultConfigurationIsVisible = 0;
			defaultConfigurationName = Release;
		};
/* End XCConfigurationList section */
	};
	rootObject = 445083752B48E8EF00707476 /* Project object */;
}
